
Microsoft Visual Studio Solution File, Format Version 12.00
# Visual Studio Version 17
VisualStudioVersion = 17.8.34408.163
MinimumVisualStudioVersion = 10.0.40219.1
Project("{FAE04EC0-301F-11D3-BF4B-00C04F79EFBC}") = "RestaurantManagementSystem", "RestaurantManagementSystem\RestaurantManagementSystem.csproj", "{DF902C0C-E8FA-4EF1-926D-672DBDFB23BB}"
EndProject
Global
	GlobalSection(SolutionConfigurationPlatforms) = preSolution
		Debug|Any CPU = Debug|Any CPU
		Release|Any CPU = Release|Any CPU
	EndGlobalSection
	GlobalSection(ProjectConfigurationPlatforms) = postSolution
		{DF902C0C-E8FA-4EF1-926D-672DBDFB23BB}.Debug|Any CPU.ActiveCfg = Debug|Any CPU
		{DF902C0C-E8FA-4EF1-926D-672DBDFB23BB}.Debug|Any CPU.Build.0 = Debug|Any CPU
		{DF902C0C-E8FA-4EF1-926D-672DBDFB23BB}.Release|Any CPU.ActiveCfg = Release|Any CPU
		{DF902C0C-E8FA-4EF1-926D-672DBDFB23BB}.Release|Any CPU.Build.0 = Release|Any CPU
	EndGlobalSection
	GlobalSection(SolutionProperties) = preSolution
		HideSolutionNode = FALSE
	EndGlobalSection
	GlobalSection(ExtensibilityGlobals) = postSolution
		SolutionGuid = {333B2588-83C9-4B9E-B72C-1F0F74B51750}
	EndGlobalSection
EndGlobal
